
Microsoft Visual Studio Solution File, Format Version 12.00
# Visual Studio 15
VisualStudioVersion = 15.0.28307.168
MinimumVisualStudioVersion = 10.0.40219.1
Project("{9A19103F-16F7-4668-BE54-9A1E7A4F7556}") = "subdomain.dio.red", "subdomain.dio.red.csproj", "{157628E2-FAF4-4362-8EB2-8DD3DCF22816}"
EndProject
Global
	GlobalSection(SolutionConfigurationPlatforms) = preSolution
		Debug|Any CPU = Debug|Any CPU
		Release|Any CPU = Release|Any CPU
	EndGlobalSection
	GlobalSection(ProjectConfigurationPlatforms) = postSolution
		{157628E2-FAF4-4362-8EB2-8DD3DCF22816}.Debug|Any CPU.ActiveCfg = Debug|Any CPU
		{157628E2-FAF4-4362-8EB2-8DD3DCF22816}.Debug|Any CPU.Build.0 = Debug|Any CPU
		{157628E2-FAF4-4362-8EB2-8DD3DCF22816}.Release|Any CPU.ActiveCfg = Release|Any CPU
		{157628E2-FAF4-4362-8EB2-8DD3DCF22816}.Release|Any CPU.Build.0 = Release|Any CPU
	EndGlobalSection
	GlobalSection(SolutionProperties) = preSolution
		HideSolutionNode = FALSE
	EndGlobalSection
	GlobalSection(ExtensibilityGlobals) = postSolution
		SolutionGuid = {2411B9E9-2256-445A-A69E-4B7A642802E9}
	EndGlobalSection
EndGlobal
